// !$*UTF8*$!
{
	archiveVersion = 1;
	classes = {
	};
	objectVersion = 46;
	objects = {

/* Begin PBXBuildFile section */
		35155D7F3C61BEAA7D09F382 /* Pods_Twitter.framework in Frameworks */ = {isa = PBXBuildFile; fileRef = 10ADEC89622144AF41D59DA2 /* Pods_Twitter.framework */; };
		4924167C1F7ADDDC00AB0E97 /* User.swift in Sources */ = {isa = PBXBuildFile; fileRef = 4924167B1F7ADDDC00AB0E97 /* User.swift */; };
		4924167E1F7ADEE900AB0E97 /* Tweet.swift in Sources */ = {isa = PBXBuildFile; fileRef = 4924167D1F7ADEE900AB0E97 /* Tweet.swift */; };
		492416801F7AFDF300AB0E97 /* HomeViewController.swift in Sources */ = {isa = PBXBuildFile; fileRef = 4924167F1F7AFDF300AB0E97 /* HomeViewController.swift */; };
		492416831F7B49B500AB0E97 /* HomeCell.swift in Sources */ = {isa = PBXBuildFile; fileRef = 492416821F7B49B500AB0E97 /* HomeCell.swift */; };
		494483AA1F7AB61D009A099C /* AppDelegate.swift in Sources */ = {isa = PBXBuildFile; fileRef = 494483A91F7AB61D009A099C /* AppDelegate.swift */; };
		494483AC1F7AB61D009A099C /* LoginViewController.swift in Sources */ = {isa = PBXBuildFile; fileRef = 494483AB1F7AB61D009A099C /* LoginViewController.swift */; };
		494483AF1F7AB61D009A099C /* Main.storyboard in Resources */ = {isa = PBXBuildFile; fileRef = 494483AD1F7AB61D009A099C /* Main.storyboard */; };
		494483B11F7AB61D009A099C /* Assets.xcassets in Resources */ = {isa = PBXBuildFile; fileRef = 494483B01F7AB61D009A099C /* Assets.xcassets */; };
		494483B41F7AB61D009A099C /* LaunchScreen.storyboard in Resources */ = {isa = PBXBuildFile; fileRef = 494483B21F7AB61D009A099C /* LaunchScreen.storyboard */; };
		494483BD1F7AC758009A099C /* TwitterClient.swift in Sources */ = {isa = PBXBuildFile; fileRef = 494483BC1F7AC758009A099C /* TwitterClient.swift */; };
		4992A7F51F7C0AB4002F8643 /* PostViewController.swift in Sources */ = {isa = PBXBuildFile; fileRef = 4992A7F41F7C0AB4002F8643 /* PostViewController.swift */; };
		4992A7F71F7C53B3002F8643 /* ReplyViewController.swift in Sources */ = {isa = PBXBuildFile; fileRef = 4992A7F61F7C53B3002F8643 /* ReplyViewController.swift */; };
		4992A81B1F7CB127002F8643 /* RetweetViewController.swift in Sources */ = {isa = PBXBuildFile; fileRef = 4992A81A1F7CB127002F8643 /* RetweetViewController.swift */; };
/* End PBXBuildFile section */

/* Begin PBXFileReference section */
		013C854F6736C1C515EC6DBE /* Pods-Twitter.release.xcconfig */ = {isa = PBXFileReference; includeInIndex = 1; lastKnownFileType = text.xcconfig; name = "Pods-Twitter.release.xcconfig"; path = "Pods/Target Support Files/Pods-Twitter/Pods-Twitter.release.xcconfig"; sourceTree = "<group>"; };
		10ADEC89622144AF41D59DA2 /* Pods_Twitter.framework */ = {isa = PBXFileReference; explicitFileType = wrapper.framework; includeInIndex = 0; path = Pods_Twitter.framework; sourceTree = BUILT_PRODUCTS_DIR; };
		4924167B1F7ADDDC00AB0E97 /* User.swift */ = {isa = PBXFileReference; fileEncoding = 4; lastKnownFileType = sourcecode.swift; path = User.swift; sourceTree = "<group>"; };
		4924167D1F7ADEE900AB0E97 /* Tweet.swift */ = {isa = PBXFileReference; fileEncoding = 4; lastKnownFileType = sourcecode.swift; path = Tweet.swift; sourceTree = "<group>"; };
		4924167F1F7AFDF300AB0E97 /* HomeViewController.swift */ = {isa = PBXFileReference; fileEncoding = 4; lastKnownFileType = sourcecode.swift; path = HomeViewController.swift; sourceTree = "<group>"; };
		492416821F7B49B500AB0E97 /* HomeCell.swift */ = {isa = PBXFileReference; fileEncoding = 4; lastKnownFileType = sourcecode.swift; path = HomeCell.swift; sourceTree = "<group>"; };
		494483A61F7AB61D009A099C /* Twitter.app */ = {isa = PBXFileReference; explicitFileType = wrapper.application; includeInIndex = 0; path = Twitter.app; sourceTree = BUILT_PRODUCTS_DIR; };
		494483A91F7AB61D009A099C /* AppDelegate.swift */ = {isa = PBXFileReference; lastKnownFileType = sourcecode.swift; path = AppDelegate.swift; sourceTree = "<group>"; };
		494483AB1F7AB61D009A099C /* LoginViewController.swift */ = {isa = PBXFileReference; lastKnownFileType = sourcecode.swift; path = LoginViewController.swift; sourceTree = "<group>"; };
		494483AE1F7AB61D009A099C /* Base */ = {isa = PBXFileReference; lastKnownFileType = file.storyboard; name = Base; path = Base.lproj/Main.storyboard; sourceTree = "<group>"; };
		494483B01F7AB61D009A099C /* Assets.xcassets */ = {isa = PBXFileReference; lastKnownFileType = folder.assetcatalog; path = Assets.xcassets; sourceTree = "<group>"; };
		494483B31F7AB61D009A099C /* Base */ = {isa = PBXFileReference; lastKnownFileType = file.storyboard; name = Base; path = Base.lproj/LaunchScreen.storyboard; sourceTree = "<group>"; };
		494483B51F7AB61D009A099C /* Info.plist */ = {isa = PBXFileReference; lastKnownFileType = text.plist.xml; path = Info.plist; sourceTree = "<group>"; };
		494483BC1F7AC758009A099C /* TwitterClient.swift */ = {isa = PBXFileReference; fileEncoding = 4; lastKnownFileType = sourcecode.swift; path = TwitterClient.swift; sourceTree = "<group>"; };
		4992A7F41F7C0AB4002F8643 /* PostViewController.swift */ = {isa = PBXFileReference; fileEncoding = 4; lastKnownFileType = sourcecode.swift; path = PostViewController.swift; sourceTree = "<group>"; };
		4992A7F61F7C53B3002F8643 /* ReplyViewController.swift */ = {isa = PBXFileReference; fileEncoding = 4; lastKnownFileType = sourcecode.swift; path = ReplyViewController.swift; sourceTree = "<group>"; };
		4992A81A1F7CB127002F8643 /* RetweetViewController.swift */ = {isa = PBXFileReference; fileEncoding = 4; lastKnownFileType = sourcecode.swift; path = RetweetViewController.swift; sourceTree = "<group>"; };
		A013B7958590E38E24B4EA28 /* Pods-Twitter.debug.xcconfig */ = {isa = PBXFileReference; includeInIndex = 1; lastKnownFileType = text.xcconfig; name = "Pods-Twitter.debug.xcconfig"; path = "Pods/Target Support Files/Pods-Twitter/Pods-Twitter.debug.xcconfig"; sourceTree = "<group>"; };
/* End PBXFileReference section */

/* Begin PBXFrameworksBuildPhase section */
		494483A31F7AB61D009A099C /* Frameworks */ = {
			isa = PBXFrameworksBuildPhase;
			buildActionMask = 2147483647;
			files = (
				35155D7F3C61BEAA7D09F382 /* Pods_Twitter.framework in Frameworks */,
			);
			runOnlyForDeploymentPostprocessing = 0;
		};
/* End PBXFrameworksBuildPhase section */

/* Begin PBXGroup section */
		492416781F7AD80600AB0E97 /* Models */ = {
			isa = PBXGroup;
			children = (
				4924167B1F7ADDDC00AB0E97 /* User.swift */,
				4924167D1F7ADEE900AB0E97 /* Tweet.swift */,
			);
			name = Models;
			sourceTree = "<group>";
		};
		492416811F7AFDFA00AB0E97 /* Controllers */ = {
			isa = PBXGroup;
			children = (
				494483AB1F7AB61D009A099C /* LoginViewController.swift */,
				4992A7F41F7C0AB4002F8643 /* PostViewController.swift */,
				4992A7F61F7C53B3002F8643 /* ReplyViewController.swift */,
				4992A81A1F7CB127002F8643 /* RetweetViewController.swift */,
				4992A7F31F7BFC43002F8643 /* HomeViewController */,
			);
			name = Controllers;
			sourceTree = "<group>";
		};
		4944839D1F7AB61D009A099C = {
			isa = PBXGroup;
			children = (
				494483A81F7AB61D009A099C /* Twitter */,
				494483A71F7AB61D009A099C /* Products */,
				6986408FB531B4341F481308 /* Pods */,
				5A79F4DDF2503A858AF3E766 /* Frameworks */,
			);
			sourceTree = "<group>";
		};
		494483A71F7AB61D009A099C /* Products */ = {
			isa = PBXGroup;
			children = (
				494483A61F7AB61D009A099C /* Twitter.app */,
			);
			name = Products;
			sourceTree = "<group>";
		};
		494483A81F7AB61D009A099C /* Twitter */ = {
			isa = PBXGroup;
			children = (
				494483A91F7AB61D009A099C /* AppDelegate.swift */,
				494483BB1F7AC741009A099C /* TwitterAPI */,
				492416781F7AD80600AB0E97 /* Models */,
				492416811F7AFDFA00AB0E97 /* Controllers */,
				494483AD1F7AB61D009A099C /* Main.storyboard */,
				494483B01F7AB61D009A099C /* Assets.xcassets */,
				494483B21F7AB61D009A099C /* LaunchScreen.storyboard */,
				494483B51F7AB61D009A099C /* Info.plist */,
			);
			path = Twitter;
			sourceTree = "<group>";
		};
		494483BB1F7AC741009A099C /* TwitterAPI */ = {
			isa = PBXGroup;
			children = (
				494483BC1F7AC758009A099C /* TwitterClient.swift */,
			);
			name = TwitterAPI;
			sourceTree = "<group>";
		};
		4992A7F31F7BFC43002F8643 /* HomeViewController */ = {
			isa = PBXGroup;
			children = (
				4924167F1F7AFDF300AB0E97 /* HomeViewController.swift */,
				492416821F7B49B500AB0E97 /* HomeCell.swift */,
			);
			name = HomeViewController;
			sourceTree = "<group>";
		};
		5A79F4DDF2503A858AF3E766 /* Frameworks */ = {
			isa = PBXGroup;
			children = (
				10ADEC89622144AF41D59DA2 /* Pods_Twitter.framework */,
			);
			name = Frameworks;
			sourceTree = "<group>";
		};
		6986408FB531B4341F481308 /* Pods */ = {
			isa = PBXGroup;
			children = (
				A013B7958590E38E24B4EA28 /* Pods-Twitter.debug.xcconfig */,
				013C854F6736C1C515EC6DBE /* Pods-Twitter.release.xcconfig */,
			);
			name = Pods;
			sourceTree = "<group>";
		};
/* End PBXGroup section */

/* Begin PBXNativeTarget section */
		494483A51F7AB61D009A099C /* Twitter */ = {
			isa = PBXNativeTarget;
			buildConfigurationList = 494483B81F7AB61D009A099C /* Build configuration list for PBXNativeTarget "Twitter" */;
			buildPhases = (
				738DC637AC96E44B244AFFA3 /* [CP] Check Pods Manifest.lock */,
				494483A21F7AB61D009A099C /* Sources */,
				494483A31F7AB61D009A099C /* Frameworks */,
				494483A41F7AB61D009A099C /* Resources */,
				C7D30248C98DEAEFFC83502C /* [CP] Embed Pods Frameworks */,
				447DBB182D745BD37A59F7AA /* [CP] Copy Pods Resources */,
			);
			buildRules = (
			);
			dependencies = (
			);
			name = Twitter;
			productName = Twitter;
			productReference = 494483A61F7AB61D009A099C /* Twitter.app */;
			productType = "com.apple.product-type.application";
		};
/* End PBXNativeTarget section */

/* Begin PBXProject section */
		4944839E1F7AB61D009A099C /* Project object */ = {
			isa = PBXProject;
			attributes = {
				LastSwiftUpdateCheck = 0830;
				LastUpgradeCheck = 0830;
				ORGANIZATIONNAME = com.AliMir;
				TargetAttributes = {
					494483A51F7AB61D009A099C = {
						CreatedOnToolsVersion = 8.3.3;
						DevelopmentTeam = 396S2E45WK;
						ProvisioningStyle = Automatic;
					};
				};
			};
			buildConfigurationList = 494483A11F7AB61D009A099C /* Build configuration list for PBXProject "Twitter" */;
			compatibilityVersion = "Xcode 3.2";
			developmentRegion = English;
			hasScannedForEncodings = 0;
			knownRegions = (
				en,
				Base,
			);
			mainGroup = 4944839D1F7AB61D009A099C;
			productRefGroup = 494483A71F7AB61D009A099C /* Products */;
			projectDirPath = "";
			projectRoot = "";
			targets = (
				494483A51F7AB61D009A099C /* Twitter */,
			);
		};
/* End PBXProject section */

/* Begin PBXResourcesBuildPhase section */
		494483A41F7AB61D009A099C /* Resources */ = {
			isa = PBXResourcesBuildPhase;
			buildActionMask = 2147483647;
			files = (
				494483B41F7AB61D009A099C /* LaunchScreen.storyboard in Resources */,
				494483B11F7AB61D009A099C /* Assets.xcassets in Resources */,
				494483AF1F7AB61D009A099C /* Main.storyboard in Resources */,
			);
			runOnlyForDeploymentPostprocessing = 0;
		};
/* End PBXResourcesBuildPhase section */

/* Begin PBXShellScriptBuildPhase section */
		447DBB182D745BD37A59F7AA /* [CP] Copy Pods Resources */ = {
			isa = PBXShellScriptBuildPhase;
			buildActionMask = 2147483647;
			files = (
			);
			inputPaths = (
			);
			name = "[CP] Copy Pods Resources";
			outputPaths = (
			);
			runOnlyForDeploymentPostprocessing = 0;
			shellPath = /bin/sh;
			shellScript = "\"${SRCROOT}/Pods/Target Support Files/Pods-Twitter/Pods-Twitter-resources.sh\"\n";
			showEnvVarsInLog = 0;
		};
		738DC637AC96E44B244AFFA3 /* [CP] Check Pods Manifest.lock */ = {
			isa = PBXShellScriptBuildPhase;
			buildActionMask = 2147483647;
			files = (
			);
			inputPaths = (
				"${PODS_PODFILE_DIR_PATH}/Podfile.lock",
				"${PODS_ROOT}/Manifest.lock",
			);
			name = "[CP] Check Pods Manifest.lock";
			outputPaths = (
				"$(DERIVED_FILE_DIR)/Pods-Twitter-checkManifestLockResult.txt",
			);
			runOnlyForDeploymentPostprocessing = 0;
			shellPath = /bin/sh;
			shellScript = "diff \"${PODS_PODFILE_DIR_PATH}/Podfile.lock\" \"${PODS_ROOT}/Manifest.lock\" > /dev/null\nif [ $? != 0 ] ; then\n    # print error to STDERR\n    echo \"error: The sandbox is not in sync with the Podfile.lock. Run 'pod install' or update your CocoaPods installation.\" >&2\n    exit 1\nfi\n# This output is used by Xcode 'outputs' to avoid re-running this script phase.\necho \"SUCCESS\" > \"${SCRIPT_OUTPUT_FILE_0}\"\n";
			showEnvVarsInLog = 0;
		};
		C7D30248C98DEAEFFC83502C /* [CP] Embed Pods Frameworks */ = {
			isa = PBXShellScriptBuildPhase;
			buildActionMask = 2147483647;
			files = (
			);
			inputPaths = (
				"${SRCROOT}/Pods/Target Support Files/Pods-Twitter/Pods-Twitter-frameworks.sh",
				"${BUILT_PRODUCTS_DIR}/AFNetworking/AFNetworking.framework",
				"${BUILT_PRODUCTS_DIR}/BDBOAuth1Manager/BDBOAuth1Manager.framework",
				"${BUILT_PRODUCTS_DIR}/MBProgressHUD/MBProgressHUD.framework",
			);
			name = "[CP] Embed Pods Frameworks";
			outputPaths = (
				"${TARGET_BUILD_DIR}/${FRAMEWORKS_FOLDER_PATH}/AFNetworking.framework",
				"${TARGET_BUILD_DIR}/${FRAMEWORKS_FOLDER_PATH}/BDBOAuth1Manager.framework",
				"${TARGET_BUILD_DIR}/${FRAMEWORKS_FOLDER_PATH}/MBProgressHUD.framework",
			);
			runOnlyForDeploymentPostprocessing = 0;
			shellPath = /bin/sh;
			shellScript = "\"${SRCROOT}/Pods/Target Support Files/Pods-Twitter/Pods-Twitter-frameworks.sh\"\n";
			showEnvVarsInLog = 0;
		};
/* End PBXShellScriptBuildPhase section */

/* Begin PBXSourcesBuildPhase section */
		494483A21F7AB61D009A099C /* Sources */ = {
			isa = PBXSourcesBuildPhase;
			buildActionMask = 2147483647;
			files = (
				4992A7F51F7C0AB4002F8643 /* PostViewController.swift in Sources */,
				4992A7F71F7C53B3002F8643 /* ReplyViewController.swift in Sources */,
				4924167E1F7ADEE900AB0E97 /* Tweet.swift in Sources */,
				492416831F7B49B500AB0E97 /* HomeCell.swift in Sources */,
				494483AC1F7AB61D009A099C /* LoginViewController.swift in Sources */,
				494483BD1F7AC758009A099C /* TwitterClient.swift in Sources */,
				4924167C1F7ADDDC00AB0E97 /* User.swift in Sources */,
				494483AA1F7AB61D009A099C /* AppDelegate.swift in Sources */,
				492416801F7AFDF300AB0E97 /* HomeViewController.swift in Sources */,
				4992A81B1F7CB127002F8643 /* RetweetViewController.swift in Sources */,
			);
			runOnlyForDeploymentPostprocessing = 0;
		};
/* End PBXSourcesBuildPhase section */

/* Begin PBXVariantGroup section */
		494483AD1F7AB61D009A099C /* Main.storyboard */ = {
			isa = PBXVariantGroup;
			children = (
				494483AE1F7AB61D009A099C /* Base */,
			);
			name = Main.storyboard;
			sourceTree = "<group>";
		};
		494483B21F7AB61D009A099C /* LaunchScreen.storyboard */ = {
			isa = PBXVariantGroup;
			children = (
				494483B31F7AB61D009A099C /* Base */,
			);
			name = LaunchScreen.storyboard;
			sourceTree = "<group>";
		};
/* End PBXVariantGroup section */

/* Begin XCBuildConfiguration section */
		494483B61F7AB61D009A099C /* Debug */ = {
			isa = XCBuildConfiguration;
			buildSettings = {
				ALWAYS_SEARCH_USER_PATHS = NO;
				CLANG_ANALYZER_NONNULL = YES;
				CLANG_ANALYZER_NUMBER_OBJECT_CONVERSION = YES_AGGRESSIVE;
				CLANG_CXX_LANGUAGE_STANDARD = "gnu++0x";
				CLANG_CXX_LIBRARY = "libc++";
				CLANG_ENABLE_MODULES = YES;
				CLANG_ENABLE_OBJC_ARC = YES;
				CLANG_WARN_BOOL_CONVERSION = YES;
				CLANG_WARN_CONSTANT_CONVERSION = YES;
				CLANG_WARN_DIRECT_OBJC_ISA_USAGE = YES_ERROR;
				CLANG_WARN_DOCUMENTATION_COMMENTS = YES;
				CLANG_WARN_EMPTY_BODY = YES;
				CLANG_WARN_ENUM_CONVERSION = YES;
				CLANG_WARN_INFINITE_RECURSION = YES;
				CLANG_WARN_INT_CONVERSION = YES;
				CLANG_WARN_OBJC_ROOT_CLASS = YES_ERROR;
				CLANG_WARN_SUSPICIOUS_MOVE = YES;
				CLANG_WARN_UNREACHABLE_CODE = YES;
				CLANG_WARN__DUPLICATE_METHOD_MATCH = YES;
				"CODE_SIGN_IDENTITY[sdk=iphoneos*]" = "iPhone Developer";
				COPY_PHASE_STRIP = NO;
				DEBUG_INFORMATION_FORMAT = dwarf;
				ENABLE_STRICT_OBJC_MSGSEND = YES;
				ENABLE_TESTABILITY = YES;
				GCC_C_LANGUAGE_STANDARD = gnu99;
				GCC_DYNAMIC_NO_PIC = NO;
				GCC_NO_COMMON_BLOCKS = YES;
				GCC_OPTIMIZATION_LEVEL = 0;
				GCC_PREPROCESSOR_DEFINITIONS = (
					"DEBUG=1",
					"$(inherited)",
				);
				GCC_WARN_64_TO_32_BIT_CONVERSION = YES;
				GCC_WARN_ABOUT_RETURN_TYPE = YES_ERROR;
				GCC_WARN_UNDECLARED_SELECTOR = YES;
				GCC_WARN_UNINITIALIZED_AUTOS = YES_AGGRESSIVE;
				GCC_WARN_UNUSED_FUNCTION = YES;
				GCC_WARN_UNUSED_VARIABLE = YES;
				IPHONEOS_DEPLOYMENT_TARGET = 10.3;
				MTL_ENABLE_DEBUG_INFO = YES;
				ONLY_ACTIVE_ARCH = YES;
				SDKROOT = iphoneos;
				SWIFT_ACTIVE_COMPILATION_CONDITIONS = DEBUG;
				SWIFT_OPTIMIZATION_LEVEL = "-Onone";
			};
			name = Debug;
		};
		494483B71F7AB61D009A099C /* Release */ = {
			isa = XCBuildConfiguration;
			buildSettings = {
				ALWAYS_SEARCH_USER_PATHS = NO;
				CLANG_ANALYZER_NONNULL = YES;
				CLANG_ANALYZER_NUMBER_OBJECT_CONVERSION = YES_AGGRESSIVE;
				CLANG_CXX_LANGUAGE_STANDARD = "gnu++0x";
				CLANG_CXX_LIBRARY = "libc++";
				CLANG_ENABLE_MODULES = YES;
				CLANG_ENABLE_OBJC_ARC = YES;
				CLANG_WARN_BOOL_CONVERSION = YES;
				CLANG_WARN_CONSTANT_CONVERSION = YES;
				CLANG_WARN_DIRECT_OBJC_ISA_USAGE = YES_ERROR;
				CLANG_WARN_DOCUMENTATION_COMMENTS = YES;
				CLANG_WARN_EMPTY_BODY = YES;
				CLANG_WARN_ENUM_CONVERSION = YES;
				CLANG_WARN_INFINITE_RECURSION = YES;
				CLANG_WARN_INT_CONVERSION = YES;
				CLANG_WARN_OBJC_ROOT_CLASS = YES_ERROR;
				CLANG_WARN_SUSPICIOUS_MOVE = YES;
				CLANG_WARN_UNREACHABLE_CODE = YES;
				CLANG_WARN__DUPLICATE_METHOD_MATCH = YES;
				"CODE_SIGN_IDENTITY[sdk=iphoneos*]" = "iPhone Developer";
				COPY_PHASE_STRIP = NO;
				DEBUG_INFORMATION_FORMAT = "dwarf-with-dsym";
				ENABLE_NS_ASSERTIONS = NO;
				ENABLE_STRICT_OBJC_MSGSEND = YES;
				GCC_C_LANGUAGE_STANDARD = gnu99;
				GCC_NO_COMMON_BLOCKS = YES;
				GCC_WARN_64_TO_32_BIT_CONVERSION = YES;
				GCC_WARN_ABOUT_RETURN_TYPE = YES_ERROR;
				GCC_WARN_UNDECLARED_SELECTOR = YES;
				GCC_WARN_UNINITIALIZED_AUTOS = YES_AGGRESSIVE;
				GCC_WARN_UNUSED_FUNCTION = YES;
				GCC_WARN_UNUSED_VARIABLE = YES;
				IPHONEOS_DEPLOYMENT_TARGET = 10.3;
				MTL_ENABLE_DEBUG_INFO = NO;
				SDKROOT = iphoneos;
				SWIFT_OPTIMIZATION_LEVEL = "-Owholemodule";
				VALIDATE_PRODUCT = YES;
			};
			name = Release;
		};
		494483B91F7AB61D009A099C /* Debug */ = {
			isa = XCBuildConfiguration;
			baseConfigurationReference = A013B7958590E38E24B4EA28 /* Pods-Twitter.debug.xcconfig */;
			buildSettings = {
				ASSETCATALOG_COMPILER_APPICON_NAME = AppIcon;
				DEVELOPMENT_TEAM = 396S2E45WK;
				INFOPLIST_FILE = Twitter/Info.plist;
				LD_RUNPATH_SEARCH_PATHS = "$(inherited) @executable_path/Frameworks";
				PRODUCT_BUNDLE_IDENTIFIER = com.Twitter;
				PRODUCT_NAME = "$(TARGET_NAME)";
				SWIFT_VERSION = 3.0;
			};
			name = Debug;
		};
		494483BA1F7AB61D009A099C /* Release */ = {
			isa = XCBuildConfiguration;
			baseConfigurationReference = 013C854F6736C1C515EC6DBE /* Pods-Twitter.release.xcconfig */;
			buildSettings = {
				ASSETCATALOG_COMPILER_APPICON_NAME = AppIcon;
				DEVELOPMENT_TEAM = 396S2E45WK;
				INFOPLIST_FILE = Twitter/Info.plist;
				LD_RUNPATH_SEARCH_PATHS = "$(inherited) @executable_path/Frameworks";
				PRODUCT_BUNDLE_IDENTIFIER = com.Twitter;
				PRODUCT_NAME = "$(TARGET_NAME)";
				SWIFT_VERSION = 3.0;
			};
			name = Release;
		};
/* End XCBuildConfiguration section */

/* Begin XCConfigurationList section */
		494483A11F7AB61D009A099C /* Build configuration list for PBXProject "Twitter" */ = {
			isa = XCConfigurationList;
			buildConfigurations = (
				494483B61F7AB61D009A099C /* Debug */,
				494483B71F7AB61D009A099C /* Release */,
			);
			defaultConfigurationIsVisible = 0;
			defaultConfigurationName = Release;
		};
		494483B81F7AB61D009A099C /* Build configuration list for PBXNativeTarget "Twitter" */ = {
			isa = XCConfigurationList;
			buildConfigurations = (
				494483B91F7AB61D009A099C /* Debug */,
				494483BA1F7AB61D009A099C /* Release */,
			);
			defaultConfigurationIsVisible = 0;
			defaultConfigurationName = Release;
		};
/* End XCConfigurationList section */
	};
	rootObject = 4944839E1F7AB61D009A099C /* Project object */;
}
